
Microsoft Visual Studio Solution File, Format Version 12.00
# Visual Studio Version 16
VisualStudioVersion = 16.0.29709.97
MinimumVisualStudioVersion = 10.0.40219.1
Project("{9A19103F-16F7-4668-BE54-9A1E7A4F7556}") = "BlazorPOC", "BlazorPOC.csproj", "{E7F538DC-40F2-45BF-B9E2-846365BE64CB}"
EndProject
Project("{2150E333-8FDC-42A3-9474-1A3956D46DE8}") = "Solution Items", "Solution Items", "{896DF7D6-9B31-4C8C-B97A-24EDED4B935D}"
	ProjectSection(SolutionItems) = preProject
		.editorconfig = .editorconfig
	EndProjectSection
EndProject
Global
	GlobalSection(SolutionConfigurationPlatforms) = preSolution
		Debug|Any CPU = Debug|Any CPU
		Release|Any CPU = Release|Any CPU
	EndGlobalSection
	GlobalSection(ProjectConfigurationPlatforms) = postSolution
		{E7F538DC-40F2-45BF-B9E2-846365BE64CB}.Debug|Any CPU.ActiveCfg = Debug|Any CPU
		{E7F538DC-40F2-45BF-B9E2-846365BE64CB}.Debug|Any CPU.Build.0 = Debug|Any CPU
		{E7F538DC-40F2-45BF-B9E2-846365BE64CB}.Release|Any CPU.ActiveCfg = Release|Any CPU
		{E7F538DC-40F2-45BF-B9E2-846365BE64CB}.Release|Any CPU.Build.0 = Release|Any CPU
	EndGlobalSection
	GlobalSection(SolutionProperties) = preSolution
		HideSolutionNode = FALSE
	EndGlobalSection
	GlobalSection(ExtensibilityGlobals) = postSolution
		SolutionGuid = {FBCC087F-4854-4997-98CA-AF4025F50950}
	EndGlobalSection
EndGlobal
